
Microsoft Visual Studio Solution File, Format Version 12.00
# Visual Studio Version 17
VisualStudioVersion = 17.11.35222.181
MinimumVisualStudioVersion = 10.0.40219.1
Project("{FAE04EC0-301F-11D3-BF4B-00C04F79EFBC}") = "11_Events", "11_Events.csproj", "{1897EF7D-5913-4F4D-A62F-6584EB4D3087}"
EndProject
Global
	GlobalSection(SolutionConfigurationPlatforms) = preSolution
		Debug|Any CPU = Debug|Any CPU
		Release|Any CPU = Release|Any CPU
	EndGlobalSection
	GlobalSection(ProjectConfigurationPlatforms) = postSolution
		{1897EF7D-5913-4F4D-A62F-6584EB4D3087}.Debug|Any CPU.ActiveCfg = Debug|Any CPU
		{1897EF7D-5913-4F4D-A62F-6584EB4D3087}.Debug|Any CPU.Build.0 = Debug|Any CPU
		{1897EF7D-5913-4F4D-A62F-6584EB4D3087}.Release|Any CPU.ActiveCfg = Release|Any CPU
		{1897EF7D-5913-4F4D-A62F-6584EB4D3087}.Release|Any CPU.Build.0 = Release|Any CPU
	EndGlobalSection
	GlobalSection(SolutionProperties) = preSolution
		HideSolutionNode = FALSE
	EndGlobalSection
	GlobalSection(ExtensibilityGlobals) = postSolution
		SolutionGuid = {05B7A1AE-3904-4DC1-BF9F-E21D5C3F8C88}
	EndGlobalSection
EndGlobal
