
Microsoft Visual Studio Solution File, Format Version 12.00
# Visual Studio Version 17
VisualStudioVersion = 17.11.35222.181
MinimumVisualStudioVersion = 10.0.40219.1
Project("{FAE04EC0-301F-11D3-BF4B-00C04F79EFBC}") = "13_Generics", "13_Generics.csproj", "{2021AA1D-0B14-4F7E-B765-3275F4D9439F}"
EndProject
Global
	GlobalSection(SolutionConfigurationPlatforms) = preSolution
		Debug|Any CPU = Debug|Any CPU
		Release|Any CPU = Release|Any CPU
	EndGlobalSection
	GlobalSection(ProjectConfigurationPlatforms) = postSolution
		{2021AA1D-0B14-4F7E-B765-3275F4D9439F}.Debug|Any CPU.ActiveCfg = Debug|Any CPU
		{2021AA1D-0B14-4F7E-B765-3275F4D9439F}.Debug|Any CPU.Build.0 = Debug|Any CPU
		{2021AA1D-0B14-4F7E-B765-3275F4D9439F}.Release|Any CPU.ActiveCfg = Release|Any CPU
		{2021AA1D-0B14-4F7E-B765-3275F4D9439F}.Release|Any CPU.Build.0 = Release|Any CPU
	EndGlobalSection
	GlobalSection(SolutionProperties) = preSolution
		HideSolutionNode = FALSE
	EndGlobalSection
	GlobalSection(ExtensibilityGlobals) = postSolution
		SolutionGuid = {52CC2DD5-7BE8-4EC0-A647-6D255A057254}
	EndGlobalSection
EndGlobal
