
Microsoft Visual Studio Solution File, Format Version 12.00
# Visual Studio Version 17
VisualStudioVersion = 17.11.35222.181
MinimumVisualStudioVersion = 10.0.40219.1
Project("{FAE04EC0-301F-11D3-BF4B-00C04F79EFBC}") = "05_Overload_operators", "05_Overload_operators.csproj", "{EA834E93-D345-4D0A-B36D-6D38B37AD48D}"
EndProject
Global
	GlobalSection(SolutionConfigurationPlatforms) = preSolution
		Debug|Any CPU = Debug|Any CPU
		Release|Any CPU = Release|Any CPU
	EndGlobalSection
	GlobalSection(ProjectConfigurationPlatforms) = postSolution
		{EA834E93-D345-4D0A-B36D-6D38B37AD48D}.Debug|Any CPU.ActiveCfg = Debug|Any CPU
		{EA834E93-D345-4D0A-B36D-6D38B37AD48D}.Debug|Any CPU.Build.0 = Debug|Any CPU
		{EA834E93-D345-4D0A-B36D-6D38B37AD48D}.Release|Any CPU.ActiveCfg = Release|Any CPU
		{EA834E93-D345-4D0A-B36D-6D38B37AD48D}.Release|Any CPU.Build.0 = Release|Any CPU
	EndGlobalSection
	GlobalSection(SolutionProperties) = preSolution
		HideSolutionNode = FALSE
	EndGlobalSection
	GlobalSection(ExtensibilityGlobals) = postSolution
		SolutionGuid = {1C096D2A-200F-4C96-B4EA-6E42C9F928ED}
	EndGlobalSection
EndGlobal
