
Microsoft Visual Studio Solution File, Format Version 12.00
# Visual Studio Version 17
VisualStudioVersion = 17.11.35222.181
MinimumVisualStudioVersion = 10.0.40219.1
Project("{FAE04EC0-301F-11D3-BF4B-00C04F79EFBC}") = "01_Intro", "01_Intro.csproj", "{09B54CCF-0298-4C22-A136-4C399C42AE3B}"
EndProject
Global
	GlobalSection(SolutionConfigurationPlatforms) = preSolution
		Debug|Any CPU = Debug|Any CPU
		Release|Any CPU = Release|Any CPU
	EndGlobalSection
	GlobalSection(ProjectConfigurationPlatforms) = postSolution
		{09B54CCF-0298-4C22-A136-4C399C42AE3B}.Debug|Any CPU.ActiveCfg = Debug|Any CPU
		{09B54CCF-0298-4C22-A136-4C399C42AE3B}.Debug|Any CPU.Build.0 = Debug|Any CPU
		{09B54CCF-0298-4C22-A136-4C399C42AE3B}.Release|Any CPU.ActiveCfg = Release|Any CPU
		{09B54CCF-0298-4C22-A136-4C399C42AE3B}.Release|Any CPU.Build.0 = Release|Any CPU
	EndGlobalSection
	GlobalSection(SolutionProperties) = preSolution
		HideSolutionNode = FALSE
	EndGlobalSection
	GlobalSection(ExtensibilityGlobals) = postSolution
		SolutionGuid = {2CFF33C5-F763-4DD1-BA91-1012CA6DC8DD}
	EndGlobalSection
EndGlobal
