
Microsoft Visual Studio Solution File, Format Version 12.00
# Visual Studio Version 17
VisualStudioVersion = 17.11.35222.181
MinimumVisualStudioVersion = 10.0.40219.1
Project("{FAE04EC0-301F-11D3-BF4B-00C04F79EFBC}") = "17_LINQ_to_OBJECTS", "17_LINQ_to_OBJECTS.csproj", "{94240E52-B32A-4AB0-A029-B25A6C8FDC6A}"
EndProject
Global
	GlobalSection(SolutionConfigurationPlatforms) = preSolution
		Debug|Any CPU = Debug|Any CPU
		Release|Any CPU = Release|Any CPU
	EndGlobalSection
	GlobalSection(ProjectConfigurationPlatforms) = postSolution
		{94240E52-B32A-4AB0-A029-B25A6C8FDC6A}.Debug|Any CPU.ActiveCfg = Debug|Any CPU
		{94240E52-B32A-4AB0-A029-B25A6C8FDC6A}.Debug|Any CPU.Build.0 = Debug|Any CPU
		{94240E52-B32A-4AB0-A029-B25A6C8FDC6A}.Release|Any CPU.ActiveCfg = Release|Any CPU
		{94240E52-B32A-4AB0-A029-B25A6C8FDC6A}.Release|Any CPU.Build.0 = Release|Any CPU
	EndGlobalSection
	GlobalSection(SolutionProperties) = preSolution
		HideSolutionNode = FALSE
	EndGlobalSection
	GlobalSection(ExtensibilityGlobals) = postSolution
		SolutionGuid = {A63BF81B-A71F-400D-A333-7AD4D15F5AD2}
	EndGlobalSection
EndGlobal
